
Microsoft Visual Studio Solution File, Format Version 12.00
# Visual Studio Version 17
VisualStudioVersion = 17.4.33213.308
MinimumVisualStudioVersion = 10.0.40219.1
Project("{2150E333-8FDC-42A3-9474-1A3956D46DE8}") = "Solution Items", "Solution Items", "{90D95973-6CC4-4F71-9DE9-4025FEDB70DC}"
	ProjectSection(SolutionItems) = preProject
		.gitattributes = .gitattributes
		.gitignore = .gitignore
		Directory.Packages.props = Directory.Packages.props
		README.md = README.md
	EndProjectSection
EndProject
Project("{FAE04EC0-301F-11D3-BF4B-00C04F79EFBC}") = "01 Basic Setup", "01 Basic Setup\01 Basic Setup.csproj", "{24C86BBC-FA14-4C32-BB0C-DCD85BE2BA14}"
EndProject
Project("{FAE04EC0-301F-11D3-BF4B-00C04F79EFBC}") = "02 Simple Lifetime", "02 Simple Lifetime\02 Simple Lifetime.csproj", "{DBE367E8-57B0-49B1-AB5B-D0CC5D0289E8}"
EndProject
Global
	GlobalSection(SolutionConfigurationPlatforms) = preSolution
		Debug|Any CPU = Debug|Any CPU
		Release|Any CPU = Release|Any CPU
	EndGlobalSection
	GlobalSection(ProjectConfigurationPlatforms) = postSolution
		{24C86BBC-FA14-4C32-BB0C-DCD85BE2BA14}.Debug|Any CPU.ActiveCfg = Debug|Any CPU
		{24C86BBC-FA14-4C32-BB0C-DCD85BE2BA14}.Debug|Any CPU.Build.0 = Debug|Any CPU
		{24C86BBC-FA14-4C32-BB0C-DCD85BE2BA14}.Release|Any CPU.ActiveCfg = Release|Any CPU
		{24C86BBC-FA14-4C32-BB0C-DCD85BE2BA14}.Release|Any CPU.Build.0 = Release|Any CPU
		{DBE367E8-57B0-49B1-AB5B-D0CC5D0289E8}.Debug|Any CPU.ActiveCfg = Debug|Any CPU
		{DBE367E8-57B0-49B1-AB5B-D0CC5D0289E8}.Debug|Any CPU.Build.0 = Debug|Any CPU
		{DBE367E8-57B0-49B1-AB5B-D0CC5D0289E8}.Release|Any CPU.ActiveCfg = Release|Any CPU
		{DBE367E8-57B0-49B1-AB5B-D0CC5D0289E8}.Release|Any CPU.Build.0 = Release|Any CPU
	EndGlobalSection
	GlobalSection(SolutionProperties) = preSolution
		HideSolutionNode = FALSE
	EndGlobalSection
	GlobalSection(ExtensibilityGlobals) = postSolution
		SolutionGuid = {43420B1B-7F01-4B60-B234-672E53950598}
	EndGlobalSection
EndGlobal
